
Microsoft Visual Studio Solution File, Format Version 12.00
# Visual Studio Version 16
VisualStudioVersion = 16.0.32929.386
MinimumVisualStudioVersion = 10.0.40219.1
Project("{FAE04EC0-301F-11D3-BF4B-00C04F79EFBC}") = "LockSelf", "LockSelf\LockSelf.csproj", "{CA2EBC01-0AA4-44FE-98A7-789B990522F4}"
EndProject
Project("{FAE04EC0-301F-11D3-BF4B-00C04F79EFBC}") = "Core", "Core\Core.csproj", "{CCACF655-F32B-4516-A1F1-07C4379FB4A4}"
EndProject
Global
	GlobalSection(SolutionConfigurationPlatforms) = preSolution
		Debug|Any CPU = Debug|Any CPU
		Release|Any CPU = Release|Any CPU
	EndGlobalSection
	GlobalSection(ProjectConfigurationPlatforms) = postSolution
		{CA2EBC01-0AA4-44FE-98A7-789B990522F4}.Debug|Any CPU.ActiveCfg = Debug|Any CPU
		{CA2EBC01-0AA4-44FE-98A7-789B990522F4}.Debug|Any CPU.Build.0 = Debug|Any CPU
		{CA2EBC01-0AA4-44FE-98A7-789B990522F4}.Release|Any CPU.ActiveCfg = Release|Any CPU
		{CA2EBC01-0AA4-44FE-98A7-789B990522F4}.Release|Any CPU.Build.0 = Release|Any CPU
		{CCACF655-F32B-4516-A1F1-07C4379FB4A4}.Debug|Any CPU.ActiveCfg = Debug|Any CPU
		{CCACF655-F32B-4516-A1F1-07C4379FB4A4}.Debug|Any CPU.Build.0 = Debug|Any CPU
		{CCACF655-F32B-4516-A1F1-07C4379FB4A4}.Release|Any CPU.ActiveCfg = Release|Any CPU
		{CCACF655-F32B-4516-A1F1-07C4379FB4A4}.Release|Any CPU.Build.0 = Release|Any CPU
	EndGlobalSection
	GlobalSection(SolutionProperties) = preSolution
		HideSolutionNode = FALSE
	EndGlobalSection
	GlobalSection(ExtensibilityGlobals) = postSolution
		SolutionGuid = {748953B2-A50D-46E7-B4C8-129103BF2642}
	EndGlobalSection
EndGlobal
